
Microsoft Visual Studio Solution File, Format Version 12.00
# Visual Studio Version 16
VisualStudioVersion = 16.0.30804.86
MinimumVisualStudioVersion = 10.0.40219.1
Project("{9A19103F-16F7-4668-BE54-9A1E7A4F7556}") = "LabsHome", "LabsHome\LabsHome.csproj", "{52F64042-3EBE-473F-8B93-11AFABC5D3A1}"
EndProject
Project("{9A19103F-16F7-4668-BE54-9A1E7A4F7556}") = "DailyRate", "DailyRate\DailyRate.csproj", "{7F772C6B-C971-42A6-8398-6AFB4046494B}"
EndProject
Project("{9A19103F-16F7-4668-BE54-9A1E7A4F7556}") = "DailyRateOptional", "DailyRateOptional\DailyRateOptional.csproj", "{B673D76A-97F1-46ED-B52F-8E7CF1323D95}"
EndProject
Project("{9A19103F-16F7-4668-BE54-9A1E7A4F7556}") = "Factorial", "Factorial\Factorial.csproj", "{15C77B40-9804-4DF1-949C-55C4FFFA58ED}"
EndProject
Project("{9A19103F-16F7-4668-BE54-9A1E7A4F7556}") = "Methods", "Methods\Methods.csproj", "{A51791D3-C6B0-46EF-B76D-0A1B68B60C51}"
EndProject
Global
	GlobalSection(SolutionConfigurationPlatforms) = preSolution
		Debug|Any CPU = Debug|Any CPU
		Release|Any CPU = Release|Any CPU
	EndGlobalSection
	GlobalSection(ProjectConfigurationPlatforms) = postSolution
		{52F64042-3EBE-473F-8B93-11AFABC5D3A1}.Debug|Any CPU.ActiveCfg = Debug|Any CPU
		{52F64042-3EBE-473F-8B93-11AFABC5D3A1}.Debug|Any CPU.Build.0 = Debug|Any CPU
		{52F64042-3EBE-473F-8B93-11AFABC5D3A1}.Release|Any CPU.ActiveCfg = Release|Any CPU
		{52F64042-3EBE-473F-8B93-11AFABC5D3A1}.Release|Any CPU.Build.0 = Release|Any CPU
		{7F772C6B-C971-42A6-8398-6AFB4046494B}.Debug|Any CPU.ActiveCfg = Debug|Any CPU
		{7F772C6B-C971-42A6-8398-6AFB4046494B}.Debug|Any CPU.Build.0 = Debug|Any CPU
		{7F772C6B-C971-42A6-8398-6AFB4046494B}.Release|Any CPU.ActiveCfg = Release|Any CPU
		{7F772C6B-C971-42A6-8398-6AFB4046494B}.Release|Any CPU.Build.0 = Release|Any CPU
		{B673D76A-97F1-46ED-B52F-8E7CF1323D95}.Debug|Any CPU.ActiveCfg = Debug|Any CPU
		{B673D76A-97F1-46ED-B52F-8E7CF1323D95}.Debug|Any CPU.Build.0 = Debug|Any CPU
		{B673D76A-97F1-46ED-B52F-8E7CF1323D95}.Release|Any CPU.ActiveCfg = Release|Any CPU
		{B673D76A-97F1-46ED-B52F-8E7CF1323D95}.Release|Any CPU.Build.0 = Release|Any CPU
		{15C77B40-9804-4DF1-949C-55C4FFFA58ED}.Debug|Any CPU.ActiveCfg = Debug|Any CPU
		{15C77B40-9804-4DF1-949C-55C4FFFA58ED}.Debug|Any CPU.Build.0 = Debug|Any CPU
		{15C77B40-9804-4DF1-949C-55C4FFFA58ED}.Release|Any CPU.ActiveCfg = Release|Any CPU
		{15C77B40-9804-4DF1-949C-55C4FFFA58ED}.Release|Any CPU.Build.0 = Release|Any CPU
		{A51791D3-C6B0-46EF-B76D-0A1B68B60C51}.Debug|Any CPU.ActiveCfg = Debug|Any CPU
		{A51791D3-C6B0-46EF-B76D-0A1B68B60C51}.Debug|Any CPU.Build.0 = Debug|Any CPU
		{A51791D3-C6B0-46EF-B76D-0A1B68B60C51}.Release|Any CPU.ActiveCfg = Release|Any CPU
		{A51791D3-C6B0-46EF-B76D-0A1B68B60C51}.Release|Any CPU.Build.0 = Release|Any CPU
	EndGlobalSection
	GlobalSection(SolutionProperties) = preSolution
		HideSolutionNode = FALSE
	EndGlobalSection
	GlobalSection(ExtensibilityGlobals) = postSolution
		SolutionGuid = {0263E4B9-3DE1-4868-AD10-F19A8BB57D39}
	EndGlobalSection
EndGlobal
